
Microsoft Visual Studio Solution File, Format Version 12.00
# Visual Studio Version 17
VisualStudioVersion = 17.11.35327.3
MinimumVisualStudioVersion = 10.0.40219.1
Project("{FAE04EC0-301F-11D3-BF4B-00C04F79EFBC}") = "MigdalorServer", "MigdalorServer.csproj", "{3950A7D7-F041-4288-B253-1D48C956ED5B}"
EndProject
Global
	GlobalSection(SolutionConfigurationPlatforms) = preSolution
		Debug|Any CPU = Debug|Any CPU
		Release|Any CPU = Release|Any CPU
	EndGlobalSection
	GlobalSection(ProjectConfigurationPlatforms) = postSolution
		{3950A7D7-F041-4288-B253-1D48C956ED5B}.Debug|Any CPU.ActiveCfg = Debug|Any CPU
		{3950A7D7-F041-4288-B253-1D48C956ED5B}.Debug|Any CPU.Build.0 = Debug|Any CPU
		{3950A7D7-F041-4288-B253-1D48C956ED5B}.Release|Any CPU.ActiveCfg = Release|Any CPU
		{3950A7D7-F041-4288-B253-1D48C956ED5B}.Release|Any CPU.Build.0 = Release|Any CPU
	EndGlobalSection
	GlobalSection(SolutionProperties) = preSolution
		HideSolutionNode = FALSE
	EndGlobalSection
	GlobalSection(ExtensibilityGlobals) = postSolution
		SolutionGuid = {16AFBCA3-2267-48C4-AE24-7294CD9C1ADE}
	EndGlobalSection
EndGlobal
